
Microsoft Visual Studio Solution File, Format Version 12.00
# Visual Studio Version 17
VisualStudioVersion = 17.8.34309.116
MinimumVisualStudioVersion = 10.0.40219.1
Project("{FAE04EC0-301F-11D3-BF4B-00C04F79EFBC}") = "BasicCommand.Library", "BasicCommand.Library\BasicCommand.Library.csproj", "{5B03562B-135B-415E-8B6F-1097ADEB9BF2}"
EndProject
Project("{FAE04EC0-301F-11D3-BF4B-00C04F79EFBC}") = "BasicCommand.CLI", "BasicCommand.CLI\BasicCommand.CLI.csproj", "{D5341BDB-14C1-4F2F-9153-60B18EEC88CC}"
EndProject
Global
	GlobalSection(SolutionConfigurationPlatforms) = preSolution
		Debug|Any CPU = Debug|Any CPU
		Release|Any CPU = Release|Any CPU
	EndGlobalSection
	GlobalSection(ProjectConfigurationPlatforms) = postSolution
		{5B03562B-135B-415E-8B6F-1097ADEB9BF2}.Debug|Any CPU.ActiveCfg = Debug|Any CPU
		{5B03562B-135B-415E-8B6F-1097ADEB9BF2}.Debug|Any CPU.Build.0 = Debug|Any CPU
		{5B03562B-135B-415E-8B6F-1097ADEB9BF2}.Release|Any CPU.ActiveCfg = Release|Any CPU
		{5B03562B-135B-415E-8B6F-1097ADEB9BF2}.Release|Any CPU.Build.0 = Release|Any CPU
		{D5341BDB-14C1-4F2F-9153-60B18EEC88CC}.Debug|Any CPU.ActiveCfg = Debug|Any CPU
		{D5341BDB-14C1-4F2F-9153-60B18EEC88CC}.Debug|Any CPU.Build.0 = Debug|Any CPU
		{D5341BDB-14C1-4F2F-9153-60B18EEC88CC}.Release|Any CPU.ActiveCfg = Release|Any CPU
		{D5341BDB-14C1-4F2F-9153-60B18EEC88CC}.Release|Any CPU.Build.0 = Release|Any CPU
	EndGlobalSection
	GlobalSection(SolutionProperties) = preSolution
		HideSolutionNode = FALSE
	EndGlobalSection
	GlobalSection(ExtensibilityGlobals) = postSolution
		SolutionGuid = {FE942C64-7C5F-4D98-B879-C000C9D30C21}
	EndGlobalSection
EndGlobal
