
Microsoft Visual Studio Solution File, Format Version 12.00
# Visual Studio Version 17
VisualStudioVersion = 17.8.34309.116
MinimumVisualStudioVersion = 10.0.40219.1
Project("{FAE04EC0-301F-11D3-BF4B-00C04F79EFBC}") = "BasicArgumentDefinitionRule.Library", "BasicArgumentDefinitionRule.Library\BasicArgumentDefinitionRule.Library.csproj", "{2CF48501-637E-44A6-A999-A799379F7C9D}"
EndProject
Project("{FAE04EC0-301F-11D3-BF4B-00C04F79EFBC}") = "BasicArgumentDefinitionRule.CLI", "BasicArgumentDefinitionRule.CLI\BasicArgumentDefinitionRule.CLI.csproj", "{B9E96E67-EAC0-4F1A-BF87-BCAC0491796A}"
EndProject
Global
	GlobalSection(SolutionConfigurationPlatforms) = preSolution
		Debug|Any CPU = Debug|Any CPU
		Release|Any CPU = Release|Any CPU
	EndGlobalSection
	GlobalSection(ProjectConfigurationPlatforms) = postSolution
		{2CF48501-637E-44A6-A999-A799379F7C9D}.Debug|Any CPU.ActiveCfg = Debug|Any CPU
		{2CF48501-637E-44A6-A999-A799379F7C9D}.Debug|Any CPU.Build.0 = Debug|Any CPU
		{2CF48501-637E-44A6-A999-A799379F7C9D}.Release|Any CPU.ActiveCfg = Release|Any CPU
		{2CF48501-637E-44A6-A999-A799379F7C9D}.Release|Any CPU.Build.0 = Release|Any CPU
		{B9E96E67-EAC0-4F1A-BF87-BCAC0491796A}.Debug|Any CPU.ActiveCfg = Debug|Any CPU
		{B9E96E67-EAC0-4F1A-BF87-BCAC0491796A}.Debug|Any CPU.Build.0 = Debug|Any CPU
		{B9E96E67-EAC0-4F1A-BF87-BCAC0491796A}.Release|Any CPU.ActiveCfg = Release|Any CPU
		{B9E96E67-EAC0-4F1A-BF87-BCAC0491796A}.Release|Any CPU.Build.0 = Release|Any CPU
	EndGlobalSection
	GlobalSection(SolutionProperties) = preSolution
		HideSolutionNode = FALSE
	EndGlobalSection
	GlobalSection(ExtensibilityGlobals) = postSolution
		SolutionGuid = {45566B6F-FCF2-4E45-9FCE-5CFD7E43B173}
	EndGlobalSection
EndGlobal
